
Microsoft Visual Studio Solution File, Format Version 12.00
# Visual Studio Version 16
VisualStudioVersion = 16.0.30907.101
MinimumVisualStudioVersion = 10.0.40219.1
Project("{9A19103F-16F7-4668-BE54-9A1E7A4F7556}") = "DataAccess", "DataAccess\DataAccess.csproj", "{ED02A52A-16E7-428F-ADDB-42F46F63AEC4}"
EndProject
Project("{9A19103F-16F7-4668-BE54-9A1E7A4F7556}") = "Entities", "Entities\Entities.csproj", "{3B002B77-B74E-4B0E-91D8-A3546CB04987}"
EndProject
Project("{9A19103F-16F7-4668-BE54-9A1E7A4F7556}") = "Business", "Business\Business.csproj", "{065587F7-31E9-4DBD-9ECD-55C531322860}"
EndProject
Project("{9A19103F-16F7-4668-BE54-9A1E7A4F7556}") = "ConsolUI", "ConsolUI\ConsolUI.csproj", "{9E869AF0-CBF3-459C-9452-90D8518D1B45}"
EndProject
Global
	GlobalSection(SolutionConfigurationPlatforms) = preSolution
		Debug|Any CPU = Debug|Any CPU
		Release|Any CPU = Release|Any CPU
	EndGlobalSection
	GlobalSection(ProjectConfigurationPlatforms) = postSolution
		{ED02A52A-16E7-428F-ADDB-42F46F63AEC4}.Debug|Any CPU.ActiveCfg = Debug|Any CPU
		{ED02A52A-16E7-428F-ADDB-42F46F63AEC4}.Debug|Any CPU.Build.0 = Debug|Any CPU
		{ED02A52A-16E7-428F-ADDB-42F46F63AEC4}.Release|Any CPU.ActiveCfg = Release|Any CPU
		{ED02A52A-16E7-428F-ADDB-42F46F63AEC4}.Release|Any CPU.Build.0 = Release|Any CPU
		{3B002B77-B74E-4B0E-91D8-A3546CB04987}.Debug|Any CPU.ActiveCfg = Debug|Any CPU
		{3B002B77-B74E-4B0E-91D8-A3546CB04987}.Debug|Any CPU.Build.0 = Debug|Any CPU
		{3B002B77-B74E-4B0E-91D8-A3546CB04987}.Release|Any CPU.ActiveCfg = Release|Any CPU
		{3B002B77-B74E-4B0E-91D8-A3546CB04987}.Release|Any CPU.Build.0 = Release|Any CPU
		{065587F7-31E9-4DBD-9ECD-55C531322860}.Debug|Any CPU.ActiveCfg = Debug|Any CPU
		{065587F7-31E9-4DBD-9ECD-55C531322860}.Debug|Any CPU.Build.0 = Debug|Any CPU
		{065587F7-31E9-4DBD-9ECD-55C531322860}.Release|Any CPU.ActiveCfg = Release|Any CPU
		{065587F7-31E9-4DBD-9ECD-55C531322860}.Release|Any CPU.Build.0 = Release|Any CPU
		{9E869AF0-CBF3-459C-9452-90D8518D1B45}.Debug|Any CPU.ActiveCfg = Debug|Any CPU
		{9E869AF0-CBF3-459C-9452-90D8518D1B45}.Debug|Any CPU.Build.0 = Debug|Any CPU
		{9E869AF0-CBF3-459C-9452-90D8518D1B45}.Release|Any CPU.ActiveCfg = Release|Any CPU
		{9E869AF0-CBF3-459C-9452-90D8518D1B45}.Release|Any CPU.Build.0 = Release|Any CPU
	EndGlobalSection
	GlobalSection(SolutionProperties) = preSolution
		HideSolutionNode = FALSE
	EndGlobalSection
	GlobalSection(ExtensibilityGlobals) = postSolution
		SolutionGuid = {A6BE0A6A-9950-4253-97E8-90BA78360FBA}
	EndGlobalSection
EndGlobal
